
Microsoft Visual Studio Solution File, Format Version 12.00
# Visual Studio Version 17
VisualStudioVersion = 17.5.2.0
MinimumVisualStudioVersion = 10.0.40219.1
Project("{2150E333-8FDC-42A3-9474-1A3956D46DE8}") = "playground", "playground", "{12E5C810-18C6-BE57-4EA6-3F3BE821652E}"
EndProject
Project("{FAE04EC0-301F-11D3-BF4B-00C04F79EFBC}") = "NeetCode", "playground\HwNeetCode\NeetCode.csproj", "{599A84E8-5E7F-F307-CF31-6C8F4E063A64}"
EndProject
Project("{FAE04EC0-301F-11D3-BF4B-00C04F79EFBC}") = "MicrosoftInterview", "playground\MicrosoftInterview\MicrosoftInterview.csproj", "{AA8A9ABD-CE1F-0C6A-1A6F-A21284147C6F}"
EndProject
Project("{FAE04EC0-301F-11D3-BF4B-00C04F79EFBC}") = "DSA", "playground\DSA\DSA.csproj", "{A1AA0DCE-F134-4DE6-829E-6406B376D4B4}"
EndProject
Global
	GlobalSection(SolutionConfigurationPlatforms) = preSolution
		Debug|Any CPU = Debug|Any CPU
		Release|Any CPU = Release|Any CPU
	EndGlobalSection
	GlobalSection(ProjectConfigurationPlatforms) = postSolution
		{599A84E8-5E7F-F307-CF31-6C8F4E063A64}.Debug|Any CPU.ActiveCfg = Debug|Any CPU
		{599A84E8-5E7F-F307-CF31-6C8F4E063A64}.Debug|Any CPU.Build.0 = Debug|Any CPU
		{599A84E8-5E7F-F307-CF31-6C8F4E063A64}.Release|Any CPU.ActiveCfg = Release|Any CPU
		{599A84E8-5E7F-F307-CF31-6C8F4E063A64}.Release|Any CPU.Build.0 = Release|Any CPU
		{AA8A9ABD-CE1F-0C6A-1A6F-A21284147C6F}.Debug|Any CPU.ActiveCfg = Debug|Any CPU
		{AA8A9ABD-CE1F-0C6A-1A6F-A21284147C6F}.Debug|Any CPU.Build.0 = Debug|Any CPU
		{AA8A9ABD-CE1F-0C6A-1A6F-A21284147C6F}.Release|Any CPU.ActiveCfg = Release|Any CPU
		{AA8A9ABD-CE1F-0C6A-1A6F-A21284147C6F}.Release|Any CPU.Build.0 = Release|Any CPU
		{A1AA0DCE-F134-4DE6-829E-6406B376D4B4}.Debug|Any CPU.ActiveCfg = Debug|Any CPU
		{A1AA0DCE-F134-4DE6-829E-6406B376D4B4}.Debug|Any CPU.Build.0 = Debug|Any CPU
		{A1AA0DCE-F134-4DE6-829E-6406B376D4B4}.Release|Any CPU.ActiveCfg = Release|Any CPU
		{A1AA0DCE-F134-4DE6-829E-6406B376D4B4}.Release|Any CPU.Build.0 = Release|Any CPU
	EndGlobalSection
	GlobalSection(SolutionProperties) = preSolution
		HideSolutionNode = FALSE
	EndGlobalSection
	GlobalSection(NestedProjects) = preSolution
		{599A84E8-5E7F-F307-CF31-6C8F4E063A64} = {12E5C810-18C6-BE57-4EA6-3F3BE821652E}
		{AA8A9ABD-CE1F-0C6A-1A6F-A21284147C6F} = {12E5C810-18C6-BE57-4EA6-3F3BE821652E}
		{A1AA0DCE-F134-4DE6-829E-6406B376D4B4} = {12E5C810-18C6-BE57-4EA6-3F3BE821652E}
	EndGlobalSection
	GlobalSection(ExtensibilityGlobals) = postSolution
		SolutionGuid = {7F3AA429-2991-401A-9D82-E55B923F94AA}
	EndGlobalSection
EndGlobal
